
Microsoft Visual Studio Solution File, Format Version 12.00
# Visual Studio 14
VisualStudioVersion = 14.0.25420.1
MinimumVisualStudioVersion = 10.0.40219.1
Project("{FAE04EC0-301F-11D3-BF4B-00C04F79EFBC}") = "MyEShoping", "MyEShoping\MyEShoping.csproj", "{2FB30C33-8B9F-4F9C-B652-21878538F960}"
EndProject
Project("{FAE04EC0-301F-11D3-BF4B-00C04F79EFBC}") = "DataLayer", "DataLayer\DataLayer.csproj", "{20FB6C96-942D-44AC-A0FE-96B1FE8E49C1}"
EndProject
Project("{FAE04EC0-301F-11D3-BF4B-00C04F79EFBC}") = "Utilities", "Utilities\Utilities.csproj", "{A34C9918-F65D-441F-8D89-E13FDE5B4D6F}"
EndProject
Global
	GlobalSection(SolutionConfigurationPlatforms) = preSolution
		Debug|Any CPU = Debug|Any CPU
		Release|Any CPU = Release|Any CPU
	EndGlobalSection
	GlobalSection(ProjectConfigurationPlatforms) = postSolution
		{2FB30C33-8B9F-4F9C-B652-21878538F960}.Debug|Any CPU.ActiveCfg = Debug|Any CPU
		{2FB30C33-8B9F-4F9C-B652-21878538F960}.Debug|Any CPU.Build.0 = Debug|Any CPU
		{2FB30C33-8B9F-4F9C-B652-21878538F960}.Release|Any CPU.ActiveCfg = Release|Any CPU
		{2FB30C33-8B9F-4F9C-B652-21878538F960}.Release|Any CPU.Build.0 = Release|Any CPU
		{20FB6C96-942D-44AC-A0FE-96B1FE8E49C1}.Debug|Any CPU.ActiveCfg = Debug|Any CPU
		{20FB6C96-942D-44AC-A0FE-96B1FE8E49C1}.Debug|Any CPU.Build.0 = Debug|Any CPU
		{20FB6C96-942D-44AC-A0FE-96B1FE8E49C1}.Release|Any CPU.ActiveCfg = Release|Any CPU
		{20FB6C96-942D-44AC-A0FE-96B1FE8E49C1}.Release|Any CPU.Build.0 = Release|Any CPU
		{A34C9918-F65D-441F-8D89-E13FDE5B4D6F}.Debug|Any CPU.ActiveCfg = Debug|Any CPU
		{A34C9918-F65D-441F-8D89-E13FDE5B4D6F}.Debug|Any CPU.Build.0 = Debug|Any CPU
		{A34C9918-F65D-441F-8D89-E13FDE5B4D6F}.Release|Any CPU.ActiveCfg = Release|Any CPU
		{A34C9918-F65D-441F-8D89-E13FDE5B4D6F}.Release|Any CPU.Build.0 = Release|Any CPU
	EndGlobalSection
	GlobalSection(SolutionProperties) = preSolution
		HideSolutionNode = FALSE
	EndGlobalSection
EndGlobal
